
Microsoft Visual Studio Solution File, Format Version 12.00
# Visual Studio Version 17
VisualStudioVersion = 17.10.35122.118
MinimumVisualStudioVersion = 10.0.40219.1
Project("{FAE04EC0-301F-11D3-BF4B-00C04F79EFBC}") = "PortfolioTracker", "PortfolioTracker\PortfolioTracker.csproj", "{E3BA27D9-B8F7-4090-B72B-ADDFB42A66BF}"
EndProject
Global
	GlobalSection(SolutionConfigurationPlatforms) = preSolution
		Debug|Any CPU = Debug|Any CPU
		Release|Any CPU = Release|Any CPU
	EndGlobalSection
	GlobalSection(ProjectConfigurationPlatforms) = postSolution
		{E3BA27D9-B8F7-4090-B72B-ADDFB42A66BF}.Debug|Any CPU.ActiveCfg = Debug|Any CPU
		{E3BA27D9-B8F7-4090-B72B-ADDFB42A66BF}.Debug|Any CPU.Build.0 = Debug|Any CPU
		{E3BA27D9-B8F7-4090-B72B-ADDFB42A66BF}.Release|Any CPU.ActiveCfg = Release|Any CPU
		{E3BA27D9-B8F7-4090-B72B-ADDFB42A66BF}.Release|Any CPU.Build.0 = Release|Any CPU
	EndGlobalSection
	GlobalSection(SolutionProperties) = preSolution
		HideSolutionNode = FALSE
	EndGlobalSection
	GlobalSection(ExtensibilityGlobals) = postSolution
		SolutionGuid = {3F9304AB-E917-423D-A2DF-A1D2DD1557A7}
	EndGlobalSection
EndGlobal
